
Microsoft Visual Studio Solution File, Format Version 12.00
# Visual Studio Version 17
VisualStudioVersion = 17.0.31903.59
MinimumVisualStudioVersion = 10.0.40219.1
Project("{FAE04EC0-301F-11D3-BF4B-00C04F79EFBC}") = "ConsoleApp", "ConsoleApp\ConsoleApp.csproj", "{9FCB485A-BC4E-4BD6-BC54-D61D23D5FCB1}"
EndProject
Project("{FAE04EC0-301F-11D3-BF4B-00C04F79EFBC}") = "Utilities", "Utilities\Utilities.csproj", "{C934B1F6-4BDC-4E89-9AF4-DD291628C0DC}"
EndProject
Global
	GlobalSection(SolutionConfigurationPlatforms) = preSolution
		Debug|Any CPU = Debug|Any CPU
		Release|Any CPU = Release|Any CPU
	EndGlobalSection
	GlobalSection(SolutionProperties) = preSolution
		HideSolutionNode = FALSE
	EndGlobalSection
	GlobalSection(ProjectConfigurationPlatforms) = postSolution
		{9FCB485A-BC4E-4BD6-BC54-D61D23D5FCB1}.Debug|Any CPU.ActiveCfg = Debug|Any CPU
		{9FCB485A-BC4E-4BD6-BC54-D61D23D5FCB1}.Debug|Any CPU.Build.0 = Debug|Any CPU
		{9FCB485A-BC4E-4BD6-BC54-D61D23D5FCB1}.Release|Any CPU.ActiveCfg = Release|Any CPU
		{9FCB485A-BC4E-4BD6-BC54-D61D23D5FCB1}.Release|Any CPU.Build.0 = Release|Any CPU
		{C934B1F6-4BDC-4E89-9AF4-DD291628C0DC}.Debug|Any CPU.ActiveCfg = Debug|Any CPU
		{C934B1F6-4BDC-4E89-9AF4-DD291628C0DC}.Debug|Any CPU.Build.0 = Debug|Any CPU
		{C934B1F6-4BDC-4E89-9AF4-DD291628C0DC}.Release|Any CPU.ActiveCfg = Release|Any CPU
		{C934B1F6-4BDC-4E89-9AF4-DD291628C0DC}.Release|Any CPU.Build.0 = Release|Any CPU
	EndGlobalSection
EndGlobal
